
Microsoft Visual Studio Solution File, Format Version 12.00
# Visual Studio Version 16
VisualStudioVersion = 16.0.30907.101
MinimumVisualStudioVersion = 10.0.40219.1
Project("{FAE04EC0-301F-11D3-BF4B-00C04F79EFBC}") = "Dictionary", "Dictionary\Dictionary.csproj", "{63A188A6-BCE3-4B85-91A6-6B28EE940199}"
EndProject
Global
	GlobalSection(SolutionConfigurationPlatforms) = preSolution
		Debug|Any CPU = Debug|Any CPU
		Release|Any CPU = Release|Any CPU
	EndGlobalSection
	GlobalSection(ProjectConfigurationPlatforms) = postSolution
		{63A188A6-BCE3-4B85-91A6-6B28EE940199}.Debug|Any CPU.ActiveCfg = Debug|Any CPU
		{63A188A6-BCE3-4B85-91A6-6B28EE940199}.Debug|Any CPU.Build.0 = Debug|Any CPU
		{63A188A6-BCE3-4B85-91A6-6B28EE940199}.Release|Any CPU.ActiveCfg = Release|Any CPU
		{63A188A6-BCE3-4B85-91A6-6B28EE940199}.Release|Any CPU.Build.0 = Release|Any CPU
	EndGlobalSection
	GlobalSection(SolutionProperties) = preSolution
		HideSolutionNode = FALSE
	EndGlobalSection
	GlobalSection(ExtensibilityGlobals) = postSolution
		SolutionGuid = {0C8B344F-B6E7-4B4A-8021-95D8848D80FE}
	EndGlobalSection
EndGlobal
